// !$*UTF8*$!
{
	archiveVersion = 1;
	classes = {
	};
	objectVersion = 55;
	objects = {

/* Begin PBXBuildFile section */
		1E14A53D2A35EC0700FA5B72 /* ValidateFormStrategy.swift in Sources */ = {isa = PBXBuildFile; fileRef = 1E14A53C2A35EC0700FA5B72 /* ValidateFormStrategy.swift */; };
		1E14A53F2A364F3800FA5B72 /* UIColor+Extensions.swift in Sources */ = {isa = PBXBuildFile; fileRef = 1E14A53E2A364F3800FA5B72 /* UIColor+Extensions.swift */; };
		1E3C50C12A29345F00F7859B /* AppDelegate.swift in Sources */ = {isa = PBXBuildFile; fileRef = 1E3C50C02A29345F00F7859B /* AppDelegate.swift */; };
		1E3C50C32A29345F00F7859B /* SceneDelegate.swift in Sources */ = {isa = PBXBuildFile; fileRef = 1E3C50C22A29345F00F7859B /* SceneDelegate.swift */; };
		1E3C50C52A29345F00F7859B /* HomeViewController.swift in Sources */ = {isa = PBXBuildFile; fileRef = 1E3C50C42A29345F00F7859B /* HomeViewController.swift */; };
		1E3C50CA2A29346100F7859B /* Assets.xcassets in Resources */ = {isa = PBXBuildFile; fileRef = 1E3C50C92A29346100F7859B /* Assets.xcassets */; };
		1E3C50CD2A29346100F7859B /* LaunchScreen.storyboard in Resources */ = {isa = PBXBuildFile; fileRef = 1E3C50CB2A29346100F7859B /* LaunchScreen.storyboard */; };
		1E3C50D52A29359400F7859B /* MainCoordinator.swift in Sources */ = {isa = PBXBuildFile; fileRef = 1E3C50D42A29359400F7859B /* MainCoordinator.swift */; };
		1E483B2F2A42628500FBB462 /* api.swift in Sources */ = {isa = PBXBuildFile; fileRef = 1E483B2E2A42628500FBB462 /* api.swift */; };
		1E483B322A42634600FBB462 /* PhotoModel.swift in Sources */ = {isa = PBXBuildFile; fileRef = 1E483B312A42634600FBB462 /* PhotoModel.swift */; };
		1E483B342A4264D000FBB462 /* APIError.swift in Sources */ = {isa = PBXBuildFile; fileRef = 1E483B332A4264D000FBB462 /* APIError.swift */; };
		1E6FDE1D2A2CEBA800D5B160 /* HomeViewModel.swift in Sources */ = {isa = PBXBuildFile; fileRef = 1E6FDE1C2A2CEBA800D5B160 /* HomeViewModel.swift */; };
		1E6FDE222A2CF3CA00D5B160 /* FirstViewController.swift in Sources */ = {isa = PBXBuildFile; fileRef = 1E6FDE212A2CF3CA00D5B160 /* FirstViewController.swift */; };
		1E6FDE242A2D348200D5B160 /* GoogleService-Info.plist in Resources */ = {isa = PBXBuildFile; fileRef = 1E6FDE232A2D348200D5B160 /* GoogleService-Info.plist */; };
		1E6FDE272A2D34F300D5B160 /* FirebaseAnalytics in Frameworks */ = {isa = PBXBuildFile; productRef = 1E6FDE262A2D34F300D5B160 /* FirebaseAnalytics */; };
		1E6FDE292A2D34F300D5B160 /* FirebaseAppCheck in Frameworks */ = {isa = PBXBuildFile; productRef = 1E6FDE282A2D34F300D5B160 /* FirebaseAppCheck */; };
		1E6FDE2B2A2D34F300D5B160 /* FirebaseAppDistribution-Beta in Frameworks */ = {isa = PBXBuildFile; productRef = 1E6FDE2A2A2D34F300D5B160 /* FirebaseAppDistribution-Beta */; };
		1E6FDE2D2A2D34F300D5B160 /* FirebaseAuth in Frameworks */ = {isa = PBXBuildFile; productRef = 1E6FDE2C2A2D34F300D5B160 /* FirebaseAuth */; };
		1E6FDE2F2A2D34F300D5B160 /* FirebaseAuthCombine-Community in Frameworks */ = {isa = PBXBuildFile; productRef = 1E6FDE2E2A2D34F300D5B160 /* FirebaseAuthCombine-Community */; };
		1E6FDE312A2D34F300D5B160 /* FirebaseDatabase in Frameworks */ = {isa = PBXBuildFile; productRef = 1E6FDE302A2D34F300D5B160 /* FirebaseDatabase */; };
		1E6FDE332A2D34F300D5B160 /* FirebaseDatabaseSwift in Frameworks */ = {isa = PBXBuildFile; productRef = 1E6FDE322A2D34F300D5B160 /* FirebaseDatabaseSwift */; };
		1E6FDE352A2D34F300D5B160 /* FirebaseDynamicLinks in Frameworks */ = {isa = PBXBuildFile; productRef = 1E6FDE342A2D34F300D5B160 /* FirebaseDynamicLinks */; };
		1E6FDE372A2D34F300D5B160 /* FirebaseFirestore in Frameworks */ = {isa = PBXBuildFile; productRef = 1E6FDE362A2D34F300D5B160 /* FirebaseFirestore */; };
		1E6FDE392A2D34F300D5B160 /* FirebaseInstallations in Frameworks */ = {isa = PBXBuildFile; productRef = 1E6FDE382A2D34F300D5B160 /* FirebaseInstallations */; };
		1E6FDE3B2A2D34F300D5B160 /* FirebaseRemoteConfig in Frameworks */ = {isa = PBXBuildFile; productRef = 1E6FDE3A2A2D34F300D5B160 /* FirebaseRemoteConfig */; };
		1E6FDE3D2A2D34F300D5B160 /* FirebaseRemoteConfigSwift in Frameworks */ = {isa = PBXBuildFile; productRef = 1E6FDE3C2A2D34F300D5B160 /* FirebaseRemoteConfigSwift */; };
		1E6FDE3F2A2D34F300D5B160 /* FirebaseStorage in Frameworks */ = {isa = PBXBuildFile; productRef = 1E6FDE3E2A2D34F300D5B160 /* FirebaseStorage */; };
		1E6FDE422A2D41B800D5B160 /* RegisterViewController.swift in Sources */ = {isa = PBXBuildFile; fileRef = 1E6FDE412A2D41B800D5B160 /* RegisterViewController.swift */; };
		1E6FDE442A2D50A100D5B160 /* RegisterViewModel.swift in Sources */ = {isa = PBXBuildFile; fileRef = 1E6FDE432A2D50A100D5B160 /* RegisterViewModel.swift */; };
		1E6FDE472A2D53D000D5B160 /* ReusePrompt.swift in Sources */ = {isa = PBXBuildFile; fileRef = 1E6FDE462A2D53D000D5B160 /* ReusePrompt.swift */; };
		1E6FDE4A2A2D569400D5B160 /* PopUpViewController.swift in Sources */ = {isa = PBXBuildFile; fileRef = 1E6FDE492A2D569400D5B160 /* PopUpViewController.swift */; };
		1E754BB72A327C6A00BF2F0C /* TextFieldWrapper.swift in Sources */ = {isa = PBXBuildFile; fileRef = 1E754BB62A327C6A00BF2F0C /* TextFieldWrapper.swift */; };
		1E754BB92A32815A00BF2F0C /* TableView+Extensions.swift in Sources */ = {isa = PBXBuildFile; fileRef = 1E754BB82A32815A00BF2F0C /* TableView+Extensions.swift */; };
		1E754BBB2A329AB500BF2F0C /* LabelWrapper.swift in Sources */ = {isa = PBXBuildFile; fileRef = 1E754BBA2A329AB500BF2F0C /* LabelWrapper.swift */; };
		1E754BBD2A32A23D00BF2F0C /* ButtonWrapper.swift in Sources */ = {isa = PBXBuildFile; fileRef = 1E754BBC2A32A23D00BF2F0C /* ButtonWrapper.swift */; };
		1E7A7F8F2A410CD300618D24 /* Resnet50FP16.mlmodel in Sources */ = {isa = PBXBuildFile; fileRef = 1E7A7F8E2A410CD300618D24 /* Resnet50FP16.mlmodel */; };
		1E7A7F912A411C5600618D24 /* Double+Extensions.swift in Sources */ = {isa = PBXBuildFile; fileRef = 1E7A7F902A411C5600618D24 /* Double+Extensions.swift */; };
		1E8197F02A451BD00035B31E /* SDWebImage in Frameworks */ = {isa = PBXBuildFile; productRef = 1E8197EF2A451BD00035B31E /* SDWebImage */; };
		1E892A862A3F533C002B11AB /* FacebookCore in Frameworks */ = {isa = PBXBuildFile; productRef = 1E892A852A3F533C002B11AB /* FacebookCore */; };
		1E892A882A3F533C002B11AB /* FacebookLogin in Frameworks */ = {isa = PBXBuildFile; productRef = 1E892A872A3F533C002B11AB /* FacebookLogin */; };
		1EC093E22A2FE1B60006F636 /* FirstViewViewModel.swift in Sources */ = {isa = PBXBuildFile; fileRef = 1EC093E12A2FE1B60006F636 /* FirstViewViewModel.swift */; };
		1EC093E72A2FE61C0006F636 /* ImageExtension.swift in Sources */ = {isa = PBXBuildFile; fileRef = 1EC093E62A2FE61C0006F636 /* ImageExtension.swift */; };
		71D4147F6B5CD3F910F325D6 /* Pods_Reuse.framework in Frameworks */ = {isa = PBXBuildFile; fileRef = 0D908AD2FC1D16F4AF9BB2E6 /* Pods_Reuse.framework */; };
/* End PBXBuildFile section */

/* Begin PBXFileReference section */
		0D908AD2FC1D16F4AF9BB2E6 /* Pods_Reuse.framework */ = {isa = PBXFileReference; explicitFileType = wrapper.framework; includeInIndex = 0; path = Pods_Reuse.framework; sourceTree = BUILT_PRODUCTS_DIR; };
		1E14A53C2A35EC0700FA5B72 /* ValidateFormStrategy.swift */ = {isa = PBXFileReference; lastKnownFileType = sourcecode.swift; path = ValidateFormStrategy.swift; sourceTree = "<group>"; };
		1E14A53E2A364F3800FA5B72 /* UIColor+Extensions.swift */ = {isa = PBXFileReference; lastKnownFileType = sourcecode.swift; path = "UIColor+Extensions.swift"; sourceTree = "<group>"; };
		1E3C50BD2A29345F00F7859B /* Reuse.app */ = {isa = PBXFileReference; explicitFileType = wrapper.application; includeInIndex = 0; path = Reuse.app; sourceTree = BUILT_PRODUCTS_DIR; };
		1E3C50C02A29345F00F7859B /* AppDelegate.swift */ = {isa = PBXFileReference; lastKnownFileType = sourcecode.swift; path = AppDelegate.swift; sourceTree = "<group>"; };
		1E3C50C22A29345F00F7859B /* SceneDelegate.swift */ = {isa = PBXFileReference; lastKnownFileType = sourcecode.swift; path = SceneDelegate.swift; sourceTree = "<group>"; };
		1E3C50C42A29345F00F7859B /* HomeViewController.swift */ = {isa = PBXFileReference; lastKnownFileType = sourcecode.swift; path = HomeViewController.swift; sourceTree = "<group>"; };
		1E3C50C92A29346100F7859B /* Assets.xcassets */ = {isa = PBXFileReference; lastKnownFileType = folder.assetcatalog; path = Assets.xcassets; sourceTree = "<group>"; };
		1E3C50CC2A29346100F7859B /* Base */ = {isa = PBXFileReference; lastKnownFileType = file.storyboard; name = Base; path = Base.lproj/LaunchScreen.storyboard; sourceTree = "<group>"; };
		1E3C50CE2A29346100F7859B /* Info.plist */ = {isa = PBXFileReference; lastKnownFileType = text.plist.xml; path = Info.plist; sourceTree = "<group>"; };
		1E3C50D42A29359400F7859B /* MainCoordinator.swift */ = {isa = PBXFileReference; lastKnownFileType = sourcecode.swift; path = MainCoordinator.swift; sourceTree = "<group>"; };
		1E483B2E2A42628500FBB462 /* api.swift */ = {isa = PBXFileReference; lastKnownFileType = sourcecode.swift; path = api.swift; sourceTree = "<group>"; };
		1E483B312A42634600FBB462 /* PhotoModel.swift */ = {isa = PBXFileReference; lastKnownFileType = sourcecode.swift; path = PhotoModel.swift; sourceTree = "<group>"; };
		1E483B332A4264D000FBB462 /* APIError.swift */ = {isa = PBXFileReference; lastKnownFileType = sourcecode.swift; path = APIError.swift; sourceTree = "<group>"; };
		1E6FDE1C2A2CEBA800D5B160 /* HomeViewModel.swift */ = {isa = PBXFileReference; lastKnownFileType = sourcecode.swift; path = HomeViewModel.swift; sourceTree = "<group>"; };
		1E6FDE212A2CF3CA00D5B160 /* FirstViewController.swift */ = {isa = PBXFileReference; lastKnownFileType = sourcecode.swift; path = FirstViewController.swift; sourceTree = "<group>"; };
		1E6FDE232A2D348200D5B160 /* GoogleService-Info.plist */ = {isa = PBXFileReference; fileEncoding = 4; lastKnownFileType = text.plist.xml; path = "GoogleService-Info.plist"; sourceTree = "<group>"; };
		1E6FDE412A2D41B800D5B160 /* RegisterViewController.swift */ = {isa = PBXFileReference; lastKnownFileType = sourcecode.swift; path = RegisterViewController.swift; sourceTree = "<group>"; };
		1E6FDE432A2D50A100D5B160 /* RegisterViewModel.swift */ = {isa = PBXFileReference; lastKnownFileType = sourcecode.swift; path = RegisterViewModel.swift; sourceTree = "<group>"; };
		1E6FDE462A2D53D000D5B160 /* ReusePrompt.swift */ = {isa = PBXFileReference; lastKnownFileType = sourcecode.swift; path = ReusePrompt.swift; sourceTree = "<group>"; };
		1E6FDE492A2D569400D5B160 /* PopUpViewController.swift */ = {isa = PBXFileReference; lastKnownFileType = sourcecode.swift; path = PopUpViewController.swift; sourceTree = "<group>"; };
		1E754BB62A327C6A00BF2F0C /* TextFieldWrapper.swift */ = {isa = PBXFileReference; lastKnownFileType = sourcecode.swift; path = TextFieldWrapper.swift; sourceTree = "<group>"; };
		1E754BB82A32815A00BF2F0C /* TableView+Extensions.swift */ = {isa = PBXFileReference; lastKnownFileType = sourcecode.swift; path = "TableView+Extensions.swift"; sourceTree = "<group>"; };
		1E754BBA2A329AB500BF2F0C /* LabelWrapper.swift */ = {isa = PBXFileReference; lastKnownFileType = sourcecode.swift; path = LabelWrapper.swift; sourceTree = "<group>"; };
		1E754BBC2A32A23D00BF2F0C /* ButtonWrapper.swift */ = {isa = PBXFileReference; lastKnownFileType = sourcecode.swift; path = ButtonWrapper.swift; sourceTree = "<group>"; };
		1E7A7F8E2A410CD300618D24 /* Resnet50FP16.mlmodel */ = {isa = PBXFileReference; lastKnownFileType = file.mlmodel; path = Resnet50FP16.mlmodel; sourceTree = "<group>"; };
		1E7A7F902A411C5600618D24 /* Double+Extensions.swift */ = {isa = PBXFileReference; lastKnownFileType = sourcecode.swift; path = "Double+Extensions.swift"; sourceTree = "<group>"; };
		1E892A892A3F5936002B11AB /* Reuse.entitlements */ = {isa = PBXFileReference; lastKnownFileType = text.plist.entitlements; path = Reuse.entitlements; sourceTree = "<group>"; };
		1EC093E12A2FE1B60006F636 /* FirstViewViewModel.swift */ = {isa = PBXFileReference; lastKnownFileType = sourcecode.swift; path = FirstViewViewModel.swift; sourceTree = "<group>"; };
		1EC093E62A2FE61C0006F636 /* ImageExtension.swift */ = {isa = PBXFileReference; lastKnownFileType = sourcecode.swift; path = ImageExtension.swift; sourceTree = "<group>"; };
		8516A340E9B514E7095BF681 /* Pods-Reuse.release.xcconfig */ = {isa = PBXFileReference; includeInIndex = 1; lastKnownFileType = text.xcconfig; name = "Pods-Reuse.release.xcconfig"; path = "Target Support Files/Pods-Reuse/Pods-Reuse.release.xcconfig"; sourceTree = "<group>"; };
		8F30CD536043A22BEDF95BB3 /* Pods-Reuse.debug.xcconfig */ = {isa = PBXFileReference; includeInIndex = 1; lastKnownFileType = text.xcconfig; name = "Pods-Reuse.debug.xcconfig"; path = "Target Support Files/Pods-Reuse/Pods-Reuse.debug.xcconfig"; sourceTree = "<group>"; };
/* End PBXFileReference section */

/* Begin PBXFrameworksBuildPhase section */
		1E3C50BA2A29345F00F7859B /* Frameworks */ = {
			isa = PBXFrameworksBuildPhase;
			buildActionMask = 2147483647;
			files = (
				1E892A882A3F533C002B11AB /* FacebookLogin in Frameworks */,
				1E6FDE3B2A2D34F300D5B160 /* FirebaseRemoteConfig in Frameworks */,
				1E892A862A3F533C002B11AB /* FacebookCore in Frameworks */,
				1E6FDE332A2D34F300D5B160 /* FirebaseDatabaseSwift in Frameworks */,
				1E6FDE312A2D34F300D5B160 /* FirebaseDatabase in Frameworks */,
				1E6FDE292A2D34F300D5B160 /* FirebaseAppCheck in Frameworks */,
				1E6FDE352A2D34F300D5B160 /* FirebaseDynamicLinks in Frameworks */,
				1E6FDE272A2D34F300D5B160 /* FirebaseAnalytics in Frameworks */,
				1E6FDE372A2D34F300D5B160 /* FirebaseFirestore in Frameworks */,
				1E6FDE2B2A2D34F300D5B160 /* FirebaseAppDistribution-Beta in Frameworks */,
				1E6FDE3F2A2D34F300D5B160 /* FirebaseStorage in Frameworks */,
				1E6FDE2D2A2D34F300D5B160 /* FirebaseAuth in Frameworks */,
				1E6FDE3D2A2D34F300D5B160 /* FirebaseRemoteConfigSwift in Frameworks */,
				1E6FDE2F2A2D34F300D5B160 /* FirebaseAuthCombine-Community in Frameworks */,
				1E6FDE392A2D34F300D5B160 /* FirebaseInstallations in Frameworks */,
				71D4147F6B5CD3F910F325D6 /* Pods_Reuse.framework in Frameworks */,
				1E8197F02A451BD00035B31E /* SDWebImage in Frameworks */,
			);
			runOnlyForDeploymentPostprocessing = 0;
		};
/* End PBXFrameworksBuildPhase section */

/* Begin PBXGroup section */
		1E3C50B42A29345F00F7859B = {
			isa = PBXGroup;
			children = (
				1E3C50BF2A29345F00F7859B /* Reuse */,
				1E3C50BE2A29345F00F7859B /* Products */,
				D3A6EC6F84E41D963A4777A5 /* Pods */,
				F2B634D323D7B17AE274DC27 /* Frameworks */,
			);
			sourceTree = "<group>";
		};
		1E3C50BE2A29345F00F7859B /* Products */ = {
			isa = PBXGroup;
			children = (
				1E3C50BD2A29345F00F7859B /* Reuse.app */,
			);
			name = Products;
			sourceTree = "<group>";
		};
		1E3C50BF2A29345F00F7859B /* Reuse */ = {
			isa = PBXGroup;
			children = (
				1E483B302A42633600FBB462 /* Model */,
				1E483B2D2A42627900FBB462 /* API */,
				1E892A892A3F5936002B11AB /* Reuse.entitlements */,
				1EC093E52A2FE60C0006F636 /* Extensions */,
				1E6FDE1E2A2CF2E200D5B160 /* Modules */,
				1E3C50C02A29345F00F7859B /* AppDelegate.swift */,
				1E3C50C22A29345F00F7859B /* SceneDelegate.swift */,
				1E3C50C92A29346100F7859B /* Assets.xcassets */,
				1E3C50CB2A29346100F7859B /* LaunchScreen.storyboard */,
				1E6FDE232A2D348200D5B160 /* GoogleService-Info.plist */,
				1E3C50CE2A29346100F7859B /* Info.plist */,
				1E3C50D42A29359400F7859B /* MainCoordinator.swift */,
			);
			path = Reuse;
			sourceTree = "<group>";
		};
		1E483B2D2A42627900FBB462 /* API */ = {
			isa = PBXGroup;
			children = (
				1E483B2E2A42628500FBB462 /* api.swift */,
				1E483B332A4264D000FBB462 /* APIError.swift */,
			);
			path = API;
			sourceTree = "<group>";
		};
		1E483B302A42633600FBB462 /* Model */ = {
			isa = PBXGroup;
			children = (
				1E483B312A42634600FBB462 /* PhotoModel.swift */,
			);
			path = Model;
			sourceTree = "<group>";
		};
		1E6FDE1E2A2CF2E200D5B160 /* Modules */ = {
			isa = PBXGroup;
			children = (
				1E6FDE452A2D53BD00D5B160 /* Views */,
				1E6FDE402A2D41A000D5B160 /* Register */,
				1E6FDE202A2CF38300D5B160 /* FirstView */,
				1E6FDE1F2A2CF2F800D5B160 /* Login */,
			);
			path = Modules;
			sourceTree = "<group>";
		};
		1E6FDE1F2A2CF2F800D5B160 /* Login */ = {
			isa = PBXGroup;
			children = (
				1E6FDE1C2A2CEBA800D5B160 /* HomeViewModel.swift */,
				1E3C50C42A29345F00F7859B /* HomeViewController.swift */,
			);
			path = Login;
			sourceTree = "<group>";
		};
		1E6FDE202A2CF38300D5B160 /* FirstView */ = {
			isa = PBXGroup;
			children = (
				1E6FDE212A2CF3CA00D5B160 /* FirstViewController.swift */,
				1EC093E12A2FE1B60006F636 /* FirstViewViewModel.swift */,
				1E7A7F8E2A410CD300618D24 /* Resnet50FP16.mlmodel */,
			);
			path = FirstView;
			sourceTree = "<group>";
		};
		1E6FDE402A2D41A000D5B160 /* Register */ = {
			isa = PBXGroup;
			children = (
				1E6FDE412A2D41B800D5B160 /* RegisterViewController.swift */,
				1E6FDE432A2D50A100D5B160 /* RegisterViewModel.swift */,
				1E754BB62A327C6A00BF2F0C /* TextFieldWrapper.swift */,
				1E754BBA2A329AB500BF2F0C /* LabelWrapper.swift */,
				1E754BBC2A32A23D00BF2F0C /* ButtonWrapper.swift */,
				1E14A53C2A35EC0700FA5B72 /* ValidateFormStrategy.swift */,
			);
			path = Register;
			sourceTree = "<group>";
		};
		1E6FDE452A2D53BD00D5B160 /* Views */ = {
			isa = PBXGroup;
			children = (
				1E6FDE482A2D568200D5B160 /* New Group */,
				1E6FDE462A2D53D000D5B160 /* ReusePrompt.swift */,
				1E6FDE492A2D569400D5B160 /* PopUpViewController.swift */,
			);
			path = Views;
			sourceTree = "<group>";
		};
		1E6FDE482A2D568200D5B160 /* New Group */ = {
			isa = PBXGroup;
			children = (
			);
			path = "New Group";
			sourceTree = "<group>";
		};
		1EC093E52A2FE60C0006F636 /* Extensions */ = {
			isa = PBXGroup;
			children = (
				1EC093E62A2FE61C0006F636 /* ImageExtension.swift */,
				1E754BB82A32815A00BF2F0C /* TableView+Extensions.swift */,
				1E14A53E2A364F3800FA5B72 /* UIColor+Extensions.swift */,
				1E7A7F902A411C5600618D24 /* Double+Extensions.swift */,
			);
			path = Extensions;
			sourceTree = "<group>";
		};
		D3A6EC6F84E41D963A4777A5 /* Pods */ = {
			isa = PBXGroup;
			children = (
				8F30CD536043A22BEDF95BB3 /* Pods-Reuse.debug.xcconfig */,
				8516A340E9B514E7095BF681 /* Pods-Reuse.release.xcconfig */,
			);
			path = Pods;
			sourceTree = "<group>";
		};
		F2B634D323D7B17AE274DC27 /* Frameworks */ = {
			isa = PBXGroup;
			children = (
				0D908AD2FC1D16F4AF9BB2E6 /* Pods_Reuse.framework */,
			);
			name = Frameworks;
			sourceTree = "<group>";
		};
/* End PBXGroup section */

/* Begin PBXNativeTarget section */
		1E3C50BC2A29345F00F7859B /* Reuse */ = {
			isa = PBXNativeTarget;
			buildConfigurationList = 1E3C50D12A29346100F7859B /* Build configuration list for PBXNativeTarget "Reuse" */;
			buildPhases = (
				F9CBB2CA51B923647072D2C4 /* [CP] Check Pods Manifest.lock */,
				1E3C50B92A29345F00F7859B /* Sources */,
				1E3C50BA2A29345F00F7859B /* Frameworks */,
				1E3C50BB2A29345F00F7859B /* Resources */,
				C02A4EFD80C4EF7D9FA4E9FB /* [CP] Embed Pods Frameworks */,
			);
			buildRules = (
			);
			dependencies = (
			);
			name = Reuse;
			packageProductDependencies = (
				1E6FDE262A2D34F300D5B160 /* FirebaseAnalytics */,
				1E6FDE282A2D34F300D5B160 /* FirebaseAppCheck */,
				1E6FDE2A2A2D34F300D5B160 /* FirebaseAppDistribution-Beta */,
				1E6FDE2C2A2D34F300D5B160 /* FirebaseAuth */,
				1E6FDE2E2A2D34F300D5B160 /* FirebaseAuthCombine-Community */,
				1E6FDE302A2D34F300D5B160 /* FirebaseDatabase */,
				1E6FDE322A2D34F300D5B160 /* FirebaseDatabaseSwift */,
				1E6FDE342A2D34F300D5B160 /* FirebaseDynamicLinks */,
				1E6FDE362A2D34F300D5B160 /* FirebaseFirestore */,
				1E6FDE382A2D34F300D5B160 /* FirebaseInstallations */,
				1E6FDE3A2A2D34F300D5B160 /* FirebaseRemoteConfig */,
				1E6FDE3C2A2D34F300D5B160 /* FirebaseRemoteConfigSwift */,
				1E6FDE3E2A2D34F300D5B160 /* FirebaseStorage */,
				1E892A852A3F533C002B11AB /* FacebookCore */,
				1E892A872A3F533C002B11AB /* FacebookLogin */,
				1E8197EF2A451BD00035B31E /* SDWebImage */,
			);
			productName = Reuse;
			productReference = 1E3C50BD2A29345F00F7859B /* Reuse.app */;
			productType = "com.apple.product-type.application";
		};
/* End PBXNativeTarget section */

/* Begin PBXProject section */
		1E3C50B52A29345F00F7859B /* Project object */ = {
			isa = PBXProject;
			attributes = {
				BuildIndependentTargetsInParallel = 1;
				LastSwiftUpdateCheck = 1330;
				LastUpgradeCheck = 1330;
				TargetAttributes = {
					1E3C50BC2A29345F00F7859B = {
						CreatedOnToolsVersion = 13.3.1;
					};
				};
			};
			buildConfigurationList = 1E3C50B82A29345F00F7859B /* Build configuration list for PBXProject "Reuse" */;
			compatibilityVersion = "Xcode 13.0";
			developmentRegion = en;
			hasScannedForEncodings = 0;
			knownRegions = (
				en,
				Base,
			);
			mainGroup = 1E3C50B42A29345F00F7859B;
			packageReferences = (
				1E6FDE252A2D34F300D5B160 /* XCRemoteSwiftPackageReference "firebase-ios-sdk" */,
				1E892A842A3F533C002B11AB /* XCRemoteSwiftPackageReference "facebook-ios-sdk" */,
				1E8197EE2A451BD00035B31E /* XCRemoteSwiftPackageReference "SDWebImage" */,
			);
			productRefGroup = 1E3C50BE2A29345F00F7859B /* Products */;
			projectDirPath = "";
			projectRoot = "";
			targets = (
				1E3C50BC2A29345F00F7859B /* Reuse */,
			);
		};
/* End PBXProject section */

/* Begin PBXResourcesBuildPhase section */
		1E3C50BB2A29345F00F7859B /* Resources */ = {
			isa = PBXResourcesBuildPhase;
			buildActionMask = 2147483647;
			files = (
				1E3C50CD2A29346100F7859B /* LaunchScreen.storyboard in Resources */,
				1E6FDE242A2D348200D5B160 /* GoogleService-Info.plist in Resources */,
				1E3C50CA2A29346100F7859B /* Assets.xcassets in Resources */,
			);
			runOnlyForDeploymentPostprocessing = 0;
		};
/* End PBXResourcesBuildPhase section */

/* Begin PBXShellScriptBuildPhase section */
		C02A4EFD80C4EF7D9FA4E9FB /* [CP] Embed Pods Frameworks */ = {
			isa = PBXShellScriptBuildPhase;
			buildActionMask = 2147483647;
			files = (
			);
			inputFileListPaths = (
				"${PODS_ROOT}/Target Support Files/Pods-Reuse/Pods-Reuse-frameworks-${CONFIGURATION}-input-files.xcfilelist",
			);
			name = "[CP] Embed Pods Frameworks";
			outputFileListPaths = (
				"${PODS_ROOT}/Target Support Files/Pods-Reuse/Pods-Reuse-frameworks-${CONFIGURATION}-output-files.xcfilelist",
			);
			runOnlyForDeploymentPostprocessing = 0;
			shellPath = /bin/sh;
			shellScript = "\"${PODS_ROOT}/Target Support Files/Pods-Reuse/Pods-Reuse-frameworks.sh\"\n";
			showEnvVarsInLog = 0;
		};
		F9CBB2CA51B923647072D2C4 /* [CP] Check Pods Manifest.lock */ = {
			isa = PBXShellScriptBuildPhase;
			buildActionMask = 2147483647;
			files = (
			);
			inputFileListPaths = (
			);
			inputPaths = (
				"${PODS_PODFILE_DIR_PATH}/Podfile.lock",
				"${PODS_ROOT}/Manifest.lock",
			);
			name = "[CP] Check Pods Manifest.lock";
			outputFileListPaths = (
			);
			outputPaths = (
				"$(DERIVED_FILE_DIR)/Pods-Reuse-checkManifestLockResult.txt",
			);
			runOnlyForDeploymentPostprocessing = 0;
			shellPath = /bin/sh;
			shellScript = "diff \"${PODS_PODFILE_DIR_PATH}/Podfile.lock\" \"${PODS_ROOT}/Manifest.lock\" > /dev/null\nif [ $? != 0 ] ; then\n    # print error to STDERR\n    echo \"error: The sandbox is not in sync with the Podfile.lock. Run 'pod install' or update your CocoaPods installation.\" >&2\n    exit 1\nfi\n# This output is used by Xcode 'outputs' to avoid re-running this script phase.\necho \"SUCCESS\" > \"${SCRIPT_OUTPUT_FILE_0}\"\n";
			showEnvVarsInLog = 0;
		};
/* End PBXShellScriptBuildPhase section */

/* Begin PBXSourcesBuildPhase section */
		1E3C50B92A29345F00F7859B /* Sources */ = {
			isa = PBXSourcesBuildPhase;
			buildActionMask = 2147483647;
			files = (
				1E7A7F8F2A410CD300618D24 /* Resnet50FP16.mlmodel in Sources */,
				1E3C50C52A29345F00F7859B /* HomeViewController.swift in Sources */,
				1EC093E72A2FE61C0006F636 /* ImageExtension.swift in Sources */,
				1EC093E22A2FE1B60006F636 /* FirstViewViewModel.swift in Sources */,
				1E7A7F912A411C5600618D24 /* Double+Extensions.swift in Sources */,
				1E14A53D2A35EC0700FA5B72 /* ValidateFormStrategy.swift in Sources */,
				1E3C50D52A29359400F7859B /* MainCoordinator.swift in Sources */,
				1E483B2F2A42628500FBB462 /* api.swift in Sources */,
				1E483B322A42634600FBB462 /* PhotoModel.swift in Sources */,
				1E754BBD2A32A23D00BF2F0C /* ButtonWrapper.swift in Sources */,
				1E754BB72A327C6A00BF2F0C /* TextFieldWrapper.swift in Sources */,
				1E483B342A4264D000FBB462 /* APIError.swift in Sources */,
				1E6FDE422A2D41B800D5B160 /* RegisterViewController.swift in Sources */,
				1E754BB92A32815A00BF2F0C /* TableView+Extensions.swift in Sources */,
				1E14A53F2A364F3800FA5B72 /* UIColor+Extensions.swift in Sources */,
				1E6FDE442A2D50A100D5B160 /* RegisterViewModel.swift in Sources */,
				1E3C50C12A29345F00F7859B /* AppDelegate.swift in Sources */,
				1E6FDE4A2A2D569400D5B160 /* PopUpViewController.swift in Sources */,
				1E6FDE222A2CF3CA00D5B160 /* FirstViewController.swift in Sources */,
				1E6FDE472A2D53D000D5B160 /* ReusePrompt.swift in Sources */,
				1E6FDE1D2A2CEBA800D5B160 /* HomeViewModel.swift in Sources */,
				1E754BBB2A329AB500BF2F0C /* LabelWrapper.swift in Sources */,
				1E3C50C32A29345F00F7859B /* SceneDelegate.swift in Sources */,
			);
			runOnlyForDeploymentPostprocessing = 0;
		};
/* End PBXSourcesBuildPhase section */

/* Begin PBXVariantGroup section */
		1E3C50CB2A29346100F7859B /* LaunchScreen.storyboard */ = {
			isa = PBXVariantGroup;
			children = (
				1E3C50CC2A29346100F7859B /* Base */,
			);
			name = LaunchScreen.storyboard;
			sourceTree = "<group>";
		};
/* End PBXVariantGroup section */

/* Begin XCBuildConfiguration section */
		1E3C50CF2A29346100F7859B /* Debug */ = {
			isa = XCBuildConfiguration;
			buildSettings = {
				ALWAYS_SEARCH_USER_PATHS = NO;
				CLANG_ANALYZER_NONNULL = YES;
				CLANG_ANALYZER_NUMBER_OBJECT_CONVERSION = YES_AGGRESSIVE;
				CLANG_CXX_LANGUAGE_STANDARD = "gnu++17";
				CLANG_ENABLE_MODULES = YES;
				CLANG_ENABLE_OBJC_ARC = YES;
				CLANG_ENABLE_OBJC_WEAK = YES;
				CLANG_WARN_BLOCK_CAPTURE_AUTORELEASING = YES;
				CLANG_WARN_BOOL_CONVERSION = YES;
				CLANG_WARN_COMMA = YES;
				CLANG_WARN_CONSTANT_CONVERSION = YES;
				CLANG_WARN_DEPRECATED_OBJC_IMPLEMENTATIONS = YES;
				CLANG_WARN_DIRECT_OBJC_ISA_USAGE = YES_ERROR;
				CLANG_WARN_DOCUMENTATION_COMMENTS = YES;
				CLANG_WARN_EMPTY_BODY = YES;
				CLANG_WARN_ENUM_CONVERSION = YES;
				CLANG_WARN_INFINITE_RECURSION = YES;
				CLANG_WARN_INT_CONVERSION = YES;
				CLANG_WARN_NON_LITERAL_NULL_CONVERSION = YES;
				CLANG_WARN_OBJC_IMPLICIT_RETAIN_SELF = YES;
				CLANG_WARN_OBJC_LITERAL_CONVERSION = YES;
				CLANG_WARN_OBJC_ROOT_CLASS = YES_ERROR;
				CLANG_WARN_QUOTED_INCLUDE_IN_FRAMEWORK_HEADER = YES;
				CLANG_WARN_RANGE_LOOP_ANALYSIS = YES;
				CLANG_WARN_STRICT_PROTOTYPES = YES;
				CLANG_WARN_SUSPICIOUS_MOVE = YES;
				CLANG_WARN_UNGUARDED_AVAILABILITY = YES_AGGRESSIVE;
				CLANG_WARN_UNREACHABLE_CODE = YES;
				CLANG_WARN__DUPLICATE_METHOD_MATCH = YES;
				COPY_PHASE_STRIP = NO;
				DEBUG_INFORMATION_FORMAT = dwarf;
				ENABLE_STRICT_OBJC_MSGSEND = YES;
				ENABLE_TESTABILITY = YES;
				GCC_C_LANGUAGE_STANDARD = gnu11;
				GCC_DYNAMIC_NO_PIC = NO;
				GCC_NO_COMMON_BLOCKS = YES;
				GCC_OPTIMIZATION_LEVEL = 0;
				GCC_PREPROCESSOR_DEFINITIONS = (
					"DEBUG=1",
					"$(inherited)",
				);
				GCC_WARN_64_TO_32_BIT_CONVERSION = YES;
				GCC_WARN_ABOUT_RETURN_TYPE = YES_ERROR;
				GCC_WARN_UNDECLARED_SELECTOR = YES;
				GCC_WARN_UNINITIALIZED_AUTOS = YES_AGGRESSIVE;
				GCC_WARN_UNUSED_FUNCTION = YES;
				GCC_WARN_UNUSED_VARIABLE = YES;
				IPHONEOS_DEPLOYMENT_TARGET = 15.4;
				MTL_ENABLE_DEBUG_INFO = INCLUDE_SOURCE;
				MTL_FAST_MATH = YES;
				ONLY_ACTIVE_ARCH = YES;
				SDKROOT = iphoneos;
				SWIFT_ACTIVE_COMPILATION_CONDITIONS = DEBUG;
				SWIFT_OPTIMIZATION_LEVEL = "-Onone";
			};
			name = Debug;
		};
		1E3C50D02A29346100F7859B /* Release */ = {
			isa = XCBuildConfiguration;
			buildSettings = {
				ALWAYS_SEARCH_USER_PATHS = NO;
				CLANG_ANALYZER_NONNULL = YES;
				CLANG_ANALYZER_NUMBER_OBJECT_CONVERSION = YES_AGGRESSIVE;
				CLANG_CXX_LANGUAGE_STANDARD = "gnu++17";
				CLANG_ENABLE_MODULES = YES;
				CLANG_ENABLE_OBJC_ARC = YES;
				CLANG_ENABLE_OBJC_WEAK = YES;
				CLANG_WARN_BLOCK_CAPTURE_AUTORELEASING = YES;
				CLANG_WARN_BOOL_CONVERSION = YES;
				CLANG_WARN_COMMA = YES;
				CLANG_WARN_CONSTANT_CONVERSION = YES;
				CLANG_WARN_DEPRECATED_OBJC_IMPLEMENTATIONS = YES;
				CLANG_WARN_DIRECT_OBJC_ISA_USAGE = YES_ERROR;
				CLANG_WARN_DOCUMENTATION_COMMENTS = YES;
				CLANG_WARN_EMPTY_BODY = YES;
				CLANG_WARN_ENUM_CONVERSION = YES;
				CLANG_WARN_INFINITE_RECURSION = YES;
				CLANG_WARN_INT_CONVERSION = YES;
				CLANG_WARN_NON_LITERAL_NULL_CONVERSION = YES;
				CLANG_WARN_OBJC_IMPLICIT_RETAIN_SELF = YES;
				CLANG_WARN_OBJC_LITERAL_CONVERSION = YES;
				CLANG_WARN_OBJC_ROOT_CLASS = YES_ERROR;
				CLANG_WARN_QUOTED_INCLUDE_IN_FRAMEWORK_HEADER = YES;
				CLANG_WARN_RANGE_LOOP_ANALYSIS = YES;
				CLANG_WARN_STRICT_PROTOTYPES = YES;
				CLANG_WARN_SUSPICIOUS_MOVE = YES;
				CLANG_WARN_UNGUARDED_AVAILABILITY = YES_AGGRESSIVE;
				CLANG_WARN_UNREACHABLE_CODE = YES;
				CLANG_WARN__DUPLICATE_METHOD_MATCH = YES;
				COPY_PHASE_STRIP = NO;
				DEBUG_INFORMATION_FORMAT = "dwarf-with-dsym";
				ENABLE_NS_ASSERTIONS = NO;
				ENABLE_STRICT_OBJC_MSGSEND = YES;
				GCC_C_LANGUAGE_STANDARD = gnu11;
				GCC_NO_COMMON_BLOCKS = YES;
				GCC_WARN_64_TO_32_BIT_CONVERSION = YES;
				GCC_WARN_ABOUT_RETURN_TYPE = YES_ERROR;
				GCC_WARN_UNDECLARED_SELECTOR = YES;
				GCC_WARN_UNINITIALIZED_AUTOS = YES_AGGRESSIVE;
				GCC_WARN_UNUSED_FUNCTION = YES;
				GCC_WARN_UNUSED_VARIABLE = YES;
				IPHONEOS_DEPLOYMENT_TARGET = 15.4;
				MTL_ENABLE_DEBUG_INFO = NO;
				MTL_FAST_MATH = YES;
				SDKROOT = iphoneos;
				SWIFT_COMPILATION_MODE = wholemodule;
				SWIFT_OPTIMIZATION_LEVEL = "-O";
				VALIDATE_PRODUCT = YES;
			};
			name = Release;
		};
		1E3C50D22A29346100F7859B /* Debug */ = {
			isa = XCBuildConfiguration;
			baseConfigurationReference = 8F30CD536043A22BEDF95BB3 /* Pods-Reuse.debug.xcconfig */;
			buildSettings = {
				ASSETCATALOG_COMPILER_APPICON_NAME = AppIcon;
				ASSETCATALOG_COMPILER_GLOBAL_ACCENT_COLOR_NAME = AccentColor;
				CODE_SIGN_ENTITLEMENTS = Reuse/Reuse.entitlements;
				CODE_SIGN_STYLE = Automatic;
				CURRENT_PROJECT_VERSION = 1;
				DEVELOPMENT_TEAM = 5QYF925T95;
				GENERATE_INFOPLIST_FILE = YES;
				INFOPLIST_FILE = Reuse/Info.plist;
				INFOPLIST_KEY_UIApplicationSupportsIndirectInputEvents = YES;
				INFOPLIST_KEY_UILaunchStoryboardName = LaunchScreen;
				INFOPLIST_KEY_UISupportedInterfaceOrientations_iPad = "UIInterfaceOrientationPortrait UIInterfaceOrientationPortraitUpsideDown UIInterfaceOrientationLandscapeLeft UIInterfaceOrientationLandscapeRight";
				INFOPLIST_KEY_UISupportedInterfaceOrientations_iPhone = "UIInterfaceOrientationPortrait UIInterfaceOrientationLandscapeLeft UIInterfaceOrientationLandscapeRight";
				LD_RUNPATH_SEARCH_PATHS = (
					"$(inherited)",
					"@executable_path/Frameworks",
				);
				MARKETING_VERSION = 1.0;
				PRODUCT_BUNDLE_IDENTIFIER = Marzabal.Reuse;
				PRODUCT_NAME = "$(TARGET_NAME)";
				SWIFT_EMIT_LOC_STRINGS = YES;
				SWIFT_VERSION = 5.0;
				TARGETED_DEVICE_FAMILY = "1,2";
			};
			name = Debug;
		};
		1E3C50D32A29346100F7859B /* Release */ = {
			isa = XCBuildConfiguration;
			baseConfigurationReference = 8516A340E9B514E7095BF681 /* Pods-Reuse.release.xcconfig */;
			buildSettings = {
				ASSETCATALOG_COMPILER_APPICON_NAME = AppIcon;
				ASSETCATALOG_COMPILER_GLOBAL_ACCENT_COLOR_NAME = AccentColor;
				CODE_SIGN_ENTITLEMENTS = Reuse/Reuse.entitlements;
				CODE_SIGN_STYLE = Automatic;
				CURRENT_PROJECT_VERSION = 1;
				DEVELOPMENT_TEAM = 5QYF925T95;
				GENERATE_INFOPLIST_FILE = YES;
				INFOPLIST_FILE = Reuse/Info.plist;
				INFOPLIST_KEY_UIApplicationSupportsIndirectInputEvents = YES;
				INFOPLIST_KEY_UILaunchStoryboardName = LaunchScreen;
				INFOPLIST_KEY_UISupportedInterfaceOrientations_iPad = "UIInterfaceOrientationPortrait UIInterfaceOrientationPortraitUpsideDown UIInterfaceOrientationLandscapeLeft UIInterfaceOrientationLandscapeRight";
				INFOPLIST_KEY_UISupportedInterfaceOrientations_iPhone = "UIInterfaceOrientationPortrait UIInterfaceOrientationLandscapeLeft UIInterfaceOrientationLandscapeRight";
				LD_RUNPATH_SEARCH_PATHS = (
					"$(inherited)",
					"@executable_path/Frameworks",
				);
				MARKETING_VERSION = 1.0;
				PRODUCT_BUNDLE_IDENTIFIER = Marzabal.Reuse;
				PRODUCT_NAME = "$(TARGET_NAME)";
				SWIFT_EMIT_LOC_STRINGS = YES;
				SWIFT_VERSION = 5.0;
				TARGETED_DEVICE_FAMILY = "1,2";
			};
			name = Release;
		};
/* End XCBuildConfiguration section */

/* Begin XCConfigurationList section */
		1E3C50B82A29345F00F7859B /* Build configuration list for PBXProject "Reuse" */ = {
			isa = XCConfigurationList;
			buildConfigurations = (
				1E3C50CF2A29346100F7859B /* Debug */,
				1E3C50D02A29346100F7859B /* Release */,
			);
			defaultConfigurationIsVisible = 0;
			defaultConfigurationName = Release;
		};
		1E3C50D12A29346100F7859B /* Build configuration list for PBXNativeTarget "Reuse" */ = {
			isa = XCConfigurationList;
			buildConfigurations = (
				1E3C50D22A29346100F7859B /* Debug */,
				1E3C50D32A29346100F7859B /* Release */,
			);
			defaultConfigurationIsVisible = 0;
			defaultConfigurationName = Release;
		};
/* End XCConfigurationList section */

/* Begin XCRemoteSwiftPackageReference section */
		1E6FDE252A2D34F300D5B160 /* XCRemoteSwiftPackageReference "firebase-ios-sdk" */ = {
			isa = XCRemoteSwiftPackageReference;
			repositoryURL = "https://github.com/firebase/firebase-ios-sdk";
			requirement = {
				branch = master;
				kind = branch;
			};
		};
		1E8197EE2A451BD00035B31E /* XCRemoteSwiftPackageReference "SDWebImage" */ = {
			isa = XCRemoteSwiftPackageReference;
			repositoryURL = "https://github.com/SDWebImage/SDWebImage.git";
			requirement = {
				branch = master;
				kind = branch;
			};
		};
		1E892A842A3F533C002B11AB /* XCRemoteSwiftPackageReference "facebook-ios-sdk" */ = {
			isa = XCRemoteSwiftPackageReference;
			repositoryURL = "https://github.com/facebook/facebook-ios-sdk";
			requirement = {
				kind = upToNextMajorVersion;
				minimumVersion = 9.0.0;
			};
		};
/* End XCRemoteSwiftPackageReference section */

/* Begin XCSwiftPackageProductDependency section */
		1E6FDE262A2D34F300D5B160 /* FirebaseAnalytics */ = {
			isa = XCSwiftPackageProductDependency;
			package = 1E6FDE252A2D34F300D5B160 /* XCRemoteSwiftPackageReference "firebase-ios-sdk" */;
			productName = FirebaseAnalytics;
		};
		1E6FDE282A2D34F300D5B160 /* FirebaseAppCheck */ = {
			isa = XCSwiftPackageProductDependency;
			package = 1E6FDE252A2D34F300D5B160 /* XCRemoteSwiftPackageReference "firebase-ios-sdk" */;
			productName = FirebaseAppCheck;
		};
		1E6FDE2A2A2D34F300D5B160 /* FirebaseAppDistribution-Beta */ = {
			isa = XCSwiftPackageProductDependency;
			package = 1E6FDE252A2D34F300D5B160 /* XCRemoteSwiftPackageReference "firebase-ios-sdk" */;
			productName = "FirebaseAppDistribution-Beta";
		};
		1E6FDE2C2A2D34F300D5B160 /* FirebaseAuth */ = {
			isa = XCSwiftPackageProductDependency;
			package = 1E6FDE252A2D34F300D5B160 /* XCRemoteSwiftPackageReference "firebase-ios-sdk" */;
			productName = FirebaseAuth;
		};
		1E6FDE2E2A2D34F300D5B160 /* FirebaseAuthCombine-Community */ = {
			isa = XCSwiftPackageProductDependency;
			package = 1E6FDE252A2D34F300D5B160 /* XCRemoteSwiftPackageReference "firebase-ios-sdk" */;
			productName = "FirebaseAuthCombine-Community";
		};
		1E6FDE302A2D34F300D5B160 /* FirebaseDatabase */ = {
			isa = XCSwiftPackageProductDependency;
			package = 1E6FDE252A2D34F300D5B160 /* XCRemoteSwiftPackageReference "firebase-ios-sdk" */;
			productName = FirebaseDatabase;
		};
		1E6FDE322A2D34F300D5B160 /* FirebaseDatabaseSwift */ = {
			isa = XCSwiftPackageProductDependency;
			package = 1E6FDE252A2D34F300D5B160 /* XCRemoteSwiftPackageReference "firebase-ios-sdk" */;
			productName = FirebaseDatabaseSwift;
		};
		1E6FDE342A2D34F300D5B160 /* FirebaseDynamicLinks */ = {
			isa = XCSwiftPackageProductDependency;
			package = 1E6FDE252A2D34F300D5B160 /* XCRemoteSwiftPackageReference "firebase-ios-sdk" */;
			productName = FirebaseDynamicLinks;
		};
		1E6FDE362A2D34F300D5B160 /* FirebaseFirestore */ = {
			isa = XCSwiftPackageProductDependency;
			package = 1E6FDE252A2D34F300D5B160 /* XCRemoteSwiftPackageReference "firebase-ios-sdk" */;
			productName = FirebaseFirestore;
		};
		1E6FDE382A2D34F300D5B160 /* FirebaseInstallations */ = {
			isa = XCSwiftPackageProductDependency;
			package = 1E6FDE252A2D34F300D5B160 /* XCRemoteSwiftPackageReference "firebase-ios-sdk" */;
			productName = FirebaseInstallations;
		};
		1E6FDE3A2A2D34F300D5B160 /* FirebaseRemoteConfig */ = {
			isa = XCSwiftPackageProductDependency;
			package = 1E6FDE252A2D34F300D5B160 /* XCRemoteSwiftPackageReference "firebase-ios-sdk" */;
			productName = FirebaseRemoteConfig;
		};
		1E6FDE3C2A2D34F300D5B160 /* FirebaseRemoteConfigSwift */ = {
			isa = XCSwiftPackageProductDependency;
			package = 1E6FDE252A2D34F300D5B160 /* XCRemoteSwiftPackageReference "firebase-ios-sdk" */;
			productName = FirebaseRemoteConfigSwift;
		};
		1E6FDE3E2A2D34F300D5B160 /* FirebaseStorage */ = {
			isa = XCSwiftPackageProductDependency;
			package = 1E6FDE252A2D34F300D5B160 /* XCRemoteSwiftPackageReference "firebase-ios-sdk" */;
			productName = FirebaseStorage;
		};
		1E8197EF2A451BD00035B31E /* SDWebImage */ = {
			isa = XCSwiftPackageProductDependency;
			package = 1E8197EE2A451BD00035B31E /* XCRemoteSwiftPackageReference "SDWebImage" */;
			productName = SDWebImage;
		};
		1E892A852A3F533C002B11AB /* FacebookCore */ = {
			isa = XCSwiftPackageProductDependency;
			package = 1E892A842A3F533C002B11AB /* XCRemoteSwiftPackageReference "facebook-ios-sdk" */;
			productName = FacebookCore;
		};
		1E892A872A3F533C002B11AB /* FacebookLogin */ = {
			isa = XCSwiftPackageProductDependency;
			package = 1E892A842A3F533C002B11AB /* XCRemoteSwiftPackageReference "facebook-ios-sdk" */;
			productName = FacebookLogin;
		};
/* End XCSwiftPackageProductDependency section */
	};
	rootObject = 1E3C50B52A29345F00F7859B /* Project object */;
}
